// !$*UTF8*$!
{
	archiveVersion = 1;
	classes = {
	};
	objectVersion = 50;
	objects = {

/* Begin PBXBuildFile section */
		A9407A2125120AC8001F4DEE /* AppDelegate.swift in Sources */ = {isa = PBXBuildFile; fileRef = A9407A2025120AC8001F4DEE /* AppDelegate.swift */; };
		A9407A2325120AC8001F4DEE /* SceneDelegate.swift in Sources */ = {isa = PBXBuildFile; fileRef = A9407A2225120AC8001F4DEE /* SceneDelegate.swift */; };
		A9407A2525120AC8001F4DEE /* ViewController.swift in Sources */ = {isa = PBXBuildFile; fileRef = A9407A2425120AC8001F4DEE /* ViewController.swift */; };
		A9407A2825120AC8001F4DEE /* Main.storyboard in Resources */ = {isa = PBXBuildFile; fileRef = A9407A2625120AC8001F4DEE /* Main.storyboard */; };
		A9407A2A25120AC9001F4DEE /* Assets.xcassets in Resources */ = {isa = PBXBuildFile; fileRef = A9407A2925120AC9001F4DEE /* Assets.xcassets */; };
		A9407A2D25120AC9001F4DEE /* LaunchScreen.storyboard in Resources */ = {isa = PBXBuildFile; fileRef = A9407A2B25120AC9001F4DEE /* LaunchScreen.storyboard */; };
/* End PBXBuildFile section */

/* Begin PBXFileReference section */
		A9407A1D25120AC8001F4DEE /* NotificationsReceiver.app */ = {isa = PBXFileReference; explicitFileType = wrapper.application; includeInIndex = 0; path = NotificationsReceiver.app; sourceTree = BUILT_PRODUCTS_DIR; };
		A9407A2025120AC8001F4DEE /* AppDelegate.swift */ = {isa = PBXFileReference; lastKnownFileType = sourcecode.swift; path = AppDelegate.swift; sourceTree = "<group>"; };
		A9407A2225120AC8001F4DEE /* SceneDelegate.swift */ = {isa = PBXFileReference; lastKnownFileType = sourcecode.swift; path = SceneDelegate.swift; sourceTree = "<group>"; };
		A9407A2425120AC8001F4DEE /* ViewController.swift */ = {isa = PBXFileReference; lastKnownFileType = sourcecode.swift; path = ViewController.swift; sourceTree = "<group>"; };
		A9407A2725120AC8001F4DEE /* Base */ = {isa = PBXFileReference; lastKnownFileType = file.storyboard; name = Base; path = Base.lproj/Main.storyboard; sourceTree = "<group>"; };
		A9407A2925120AC9001F4DEE /* Assets.xcassets */ = {isa = PBXFileReference; lastKnownFileType = folder.assetcatalog; path = Assets.xcassets; sourceTree = "<group>"; };
		A9407A2C25120AC9001F4DEE /* Base */ = {isa = PBXFileReference; lastKnownFileType = file.storyboard; name = Base; path = Base.lproj/LaunchScreen.storyboard; sourceTree = "<group>"; };
		A9407A2E25120AC9001F4DEE /* Info.plist */ = {isa = PBXFileReference; lastKnownFileType = text.plist.xml; path = Info.plist; sourceTree = "<group>"; };
/* End PBXFileReference section */

/* Begin PBXFrameworksBuildPhase section */
		A9407A1A25120AC8001F4DEE /* Frameworks */ = {
			isa = PBXFrameworksBuildPhase;
			buildActionMask = 2147483647;
			files = (
			);
			runOnlyForDeploymentPostprocessing = 0;
		};
/* End PBXFrameworksBuildPhase section */

/* Begin PBXGroup section */
		A9407A1425120AC8001F4DEE = {
			isa = PBXGroup;
			children = (
				A9407A1F25120AC8001F4DEE /* NotificationsReceiver */,
				A9407A1E25120AC8001F4DEE /* Products */,
			);
			sourceTree = "<group>";
		};
		A9407A1E25120AC8001F4DEE /* Products */ = {
			isa = PBXGroup;
			children = (
				A9407A1D25120AC8001F4DEE /* NotificationsReceiver.app */,
			);
			name = Products;
			sourceTree = "<group>";
		};
		A9407A1F25120AC8001F4DEE /* NotificationsReceiver */ = {
			isa = PBXGroup;
			children = (
				A9407A2025120AC8001F4DEE /* AppDelegate.swift */,
				A9407A2225120AC8001F4DEE /* SceneDelegate.swift */,
				A9407A2425120AC8001F4DEE /* ViewController.swift */,
				A9407A2625120AC8001F4DEE /* Main.storyboard */,
				A9407A2925120AC9001F4DEE /* Assets.xcassets */,
				A9407A2B25120AC9001F4DEE /* LaunchScreen.storyboard */,
				A9407A2E25120AC9001F4DEE /* Info.plist */,
			);
			path = NotificationsReceiver;
			sourceTree = "<group>";
		};
/* End PBXGroup section */

/* Begin PBXNativeTarget section */
		A9407A1C25120AC8001F4DEE /* NotificationsReceiver */ = {
			isa = PBXNativeTarget;
			buildConfigurationList = A9407A3125120AC9001F4DEE /* Build configuration list for PBXNativeTarget "NotificationsReceiver" */;
			buildPhases = (
				A9407A1925120AC8001F4DEE /* Sources */,
				A9407A1A25120AC8001F4DEE /* Frameworks */,
				A9407A1B25120AC8001F4DEE /* Resources */,
			);
			buildRules = (
			);
			dependencies = (
			);
			name = NotificationsReceiver;
			productName = NotificationsReceiver;
			productReference = A9407A1D25120AC8001F4DEE /* NotificationsReceiver.app */;
			productType = "com.apple.product-type.application";
		};
/* End PBXNativeTarget section */

/* Begin PBXProject section */
		A9407A1525120AC8001F4DEE /* Project object */ = {
			isa = PBXProject;
			attributes = {
				LastSwiftUpdateCheck = 1170;
				LastUpgradeCheck = 1170;
				ORGANIZATIONNAME = Bandyer;
				TargetAttributes = {
					A9407A1C25120AC8001F4DEE = {
						CreatedOnToolsVersion = 11.7;
					};
				};
			};
			buildConfigurationList = A9407A1825120AC8001F4DEE /* Build configuration list for PBXProject "NotificationsReceiver" */;
			compatibilityVersion = "Xcode 9.3";
			developmentRegion = en;
			hasScannedForEncodings = 0;
			knownRegions = (
				en,
				Base,
			);
			mainGroup = A9407A1425120AC8001F4DEE;
			productRefGroup = A9407A1E25120AC8001F4DEE /* Products */;
			projectDirPath = "";
			projectRoot = "";
			targets = (
				A9407A1C25120AC8001F4DEE /* NotificationsReceiver */,
			);
		};
/* End PBXProject section */

/* Begin PBXResourcesBuildPhase section */
		A9407A1B25120AC8001F4DEE /* Resources */ = {
			isa = PBXResourcesBuildPhase;
			buildActionMask = 2147483647;
			files = (
				A9407A2D25120AC9001F4DEE /* LaunchScreen.storyboard in Resources */,
				A9407A2A25120AC9001F4DEE /* Assets.xcassets in Resources */,
				A9407A2825120AC8001F4DEE /* Main.storyboard in Resources */,
			);
			runOnlyForDeploymentPostprocessing = 0;
		};
/* End PBXResourcesBuildPhase section */

/* Begin PBXSourcesBuildPhase section */
		A9407A1925120AC8001F4DEE /* Sources */ = {
			isa = PBXSourcesBuildPhase;
			buildActionMask = 2147483647;
			files = (
				A9407A2525120AC8001F4DEE /* ViewController.swift in Sources */,
				A9407A2125120AC8001F4DEE /* AppDelegate.swift in Sources */,
				A9407A2325120AC8001F4DEE /* SceneDelegate.swift in Sources */,
			);
			runOnlyForDeploymentPostprocessing = 0;
		};
/* End PBXSourcesBuildPhase section */

/* Begin PBXVariantGroup section */
		A9407A2625120AC8001F4DEE /* Main.storyboard */ = {
			isa = PBXVariantGroup;
			children = (
				A9407A2725120AC8001F4DEE /* Base */,
			);
			name = Main.storyboard;
			sourceTree = "<group>";
		};
		A9407A2B25120AC9001F4DEE /* LaunchScreen.storyboard */ = {
			isa = PBXVariantGroup;
			children = (
				A9407A2C25120AC9001F4DEE /* Base */,
			);
			name = LaunchScreen.storyboard;
			sourceTree = "<group>";
		};
/* End PBXVariantGroup section */

/* Begin XCBuildConfiguration section */
		A9407A2F25120AC9001F4DEE /* Debug */ = {
			isa = XCBuildConfiguration;
			buildSettings = {
				ALWAYS_SEARCH_USER_PATHS = NO;
				CLANG_ANALYZER_NONNULL = YES;
				CLANG_ANALYZER_NUMBER_OBJECT_CONVERSION = YES_AGGRESSIVE;
				CLANG_CXX_LANGUAGE_STANDARD = "gnu++14";
				CLANG_CXX_LIBRARY = "libc++";
				CLANG_ENABLE_MODULES = YES;
				CLANG_ENABLE_OBJC_ARC = YES;
				CLANG_ENABLE_OBJC_WEAK = YES;
				CLANG_WARN_BLOCK_CAPTURE_AUTORELEASING = YES;
				CLANG_WARN_BOOL_CONVERSION = YES;
				CLANG_WARN_COMMA = YES;
				CLANG_WARN_CONSTANT_CONVERSION = YES;
				CLANG_WARN_DEPRECATED_OBJC_IMPLEMENTATIONS = YES;
				CLANG_WARN_DIRECT_OBJC_ISA_USAGE = YES_ERROR;
				CLANG_WARN_DOCUMENTATION_COMMENTS = YES;
				CLANG_WARN_EMPTY_BODY = YES;
				CLANG_WARN_ENUM_CONVERSION = YES;
				CLANG_WARN_INFINITE_RECURSION = YES;
				CLANG_WARN_INT_CONVERSION = YES;
				CLANG_WARN_NON_LITERAL_NULL_CONVERSION = YES;
				CLANG_WARN_OBJC_IMPLICIT_RETAIN_SELF = YES;
				CLANG_WARN_OBJC_LITERAL_CONVERSION = YES;
				CLANG_WARN_OBJC_ROOT_CLASS = YES_ERROR;
				CLANG_WARN_RANGE_LOOP_ANALYSIS = YES;
				CLANG_WARN_STRICT_PROTOTYPES = YES;
				CLANG_WARN_SUSPICIOUS_MOVE = YES;
				CLANG_WARN_UNGUARDED_AVAILABILITY = YES_AGGRESSIVE;
				CLANG_WARN_UNREACHABLE_CODE = YES;
				CLANG_WARN__DUPLICATE_METHOD_MATCH = YES;
				COPY_PHASE_STRIP = NO;
				DEBUG_INFORMATION_FORMAT = dwarf;
				ENABLE_STRICT_OBJC_MSGSEND = YES;
				ENABLE_TESTABILITY = YES;
				GCC_C_LANGUAGE_STANDARD = gnu11;
				GCC_DYNAMIC_NO_PIC = NO;
				GCC_NO_COMMON_BLOCKS = YES;
				GCC_OPTIMIZATION_LEVEL = 0;
				GCC_PREPROCESSOR_DEFINITIONS = (
					"DEBUG=1",
					"$(inherited)",
				);
				GCC_WARN_64_TO_32_BIT_CONVERSION = YES;
				GCC_WARN_ABOUT_RETURN_TYPE = YES_ERROR;
				GCC_WARN_UNDECLARED_SELECTOR = YES;
				GCC_WARN_UNINITIALIZED_AUTOS = YES_AGGRESSIVE;
				GCC_WARN_UNUSED_FUNCTION = YES;
				GCC_WARN_UNUSED_VARIABLE = YES;
				IPHONEOS_DEPLOYMENT_TARGET = 13.7;
				MTL_ENABLE_DEBUG_INFO = INCLUDE_SOURCE;
				MTL_FAST_MATH = YES;
				ONLY_ACTIVE_ARCH = YES;
				SDKROOT = iphoneos;
				SWIFT_ACTIVE_COMPILATION_CONDITIONS = DEBUG;
				SWIFT_OPTIMIZATION_LEVEL = "-Onone";
			};
			name = Debug;
		};
		A9407A3025120AC9001F4DEE /* Release */ = {
			isa = XCBuildConfiguration;
			buildSettings = {
				ALWAYS_SEARCH_USER_PATHS = NO;
				CLANG_ANALYZER_NONNULL = YES;
				CLANG_ANALYZER_NUMBER_OBJECT_CONVERSION = YES_AGGRESSIVE;
				CLANG_CXX_LANGUAGE_STANDARD = "gnu++14";
				CLANG_CXX_LIBRARY = "libc++";
				CLANG_ENABLE_MODULES = YES;
				CLANG_ENABLE_OBJC_ARC = YES;
				CLANG_ENABLE_OBJC_WEAK = YES;
				CLANG_WARN_BLOCK_CAPTURE_AUTORELEASING = YES;
				CLANG_WARN_BOOL_CONVERSION = YES;
				CLANG_WARN_COMMA = YES;
				CLANG_WARN_CONSTANT_CONVERSION = YES;
				CLANG_WARN_DEPRECATED_OBJC_IMPLEMENTATIONS = YES;
				CLANG_WARN_DIRECT_OBJC_ISA_USAGE = YES_ERROR;
				CLANG_WARN_DOCUMENTATION_COMMENTS = YES;
				CLANG_WARN_EMPTY_BODY = YES;
				CLANG_WARN_ENUM_CONVERSION = YES;
				CLANG_WARN_INFINITE_RECURSION = YES;
				CLANG_WARN_INT_CONVERSION = YES;
				CLANG_WARN_NON_LITERAL_NULL_CONVERSION = YES;
				CLANG_WARN_OBJC_IMPLICIT_RETAIN_SELF = YES;
				CLANG_WARN_OBJC_LITERAL_CONVERSION = YES;
				CLANG_WARN_OBJC_ROOT_CLASS = YES_ERROR;
				CLANG_WARN_RANGE_LOOP_ANALYSIS = YES;
				CLANG_WARN_STRICT_PROTOTYPES = YES;
				CLANG_WARN_SUSPICIOUS_MOVE = YES;
				CLANG_WARN_UNGUARDED_AVAILABILITY = YES_AGGRESSIVE;
				CLANG_WARN_UNREACHABLE_CODE = YES;
				CLANG_WARN__DUPLICATE_METHOD_MATCH = YES;
				COPY_PHASE_STRIP = NO;
				DEBUG_INFORMATION_FORMAT = "dwarf-with-dsym";
				ENABLE_NS_ASSERTIONS = NO;
				ENABLE_STRICT_OBJC_MSGSEND = YES;
				GCC_C_LANGUAGE_STANDARD = gnu11;
				GCC_NO_COMMON_BLOCKS = YES;
				GCC_WARN_64_TO_32_BIT_CONVERSION = YES;
				GCC_WARN_ABOUT_RETURN_TYPE = YES_ERROR;
				GCC_WARN_UNDECLARED_SELECTOR = YES;
				GCC_WARN_UNINITIALIZED_AUTOS = YES_AGGRESSIVE;
				GCC_WARN_UNUSED_FUNCTION = YES;
				GCC_WARN_UNUSED_VARIABLE = YES;
				IPHONEOS_DEPLOYMENT_TARGET = 13.7;
				MTL_ENABLE_DEBUG_INFO = NO;
				MTL_FAST_MATH = YES;
				SDKROOT = iphoneos;
				SWIFT_COMPILATION_MODE = wholemodule;
				SWIFT_OPTIMIZATION_LEVEL = "-O";
				VALIDATE_PRODUCT = YES;
			};
			name = Release;
		};
		A9407A3225120AC9001F4DEE /* Debug */ = {
			isa = XCBuildConfiguration;
			buildSettings = {
				ASSETCATALOG_COMPILER_APPICON_NAME = AppIcon;
				CODE_SIGN_STYLE = Automatic;
				DEVELOPMENT_TEAM = TQ49746752;
				INFOPLIST_FILE = NotificationsReceiver/Info.plist;
				LD_RUNPATH_SEARCH_PATHS = (
					"$(inherited)",
					"@executable_path/Frameworks",
				);
				PRODUCT_BUNDLE_IDENTIFIER = com.bandyer.NotificationsReceiver;
				PRODUCT_NAME = "$(TARGET_NAME)";
				SWIFT_VERSION = 5.0;
				TARGETED_DEVICE_FAMILY = "1,2";
			};
			name = Debug;
		};
		A9407A3325120AC9001F4DEE /* Release */ = {
			isa = XCBuildConfiguration;
			buildSettings = {
				ASSETCATALOG_COMPILER_APPICON_NAME = AppIcon;
				CODE_SIGN_STYLE = Automatic;
				DEVELOPMENT_TEAM = TQ49746752;
				INFOPLIST_FILE = NotificationsReceiver/Info.plist;
				LD_RUNPATH_SEARCH_PATHS = (
					"$(inherited)",
					"@executable_path/Frameworks",
				);
				PRODUCT_BUNDLE_IDENTIFIER = com.bandyer.NotificationsReceiver;
				PRODUCT_NAME = "$(TARGET_NAME)";
				SWIFT_VERSION = 5.0;
				TARGETED_DEVICE_FAMILY = "1,2";
			};
			name = Release;
		};
/* End XCBuildConfiguration section */

/* Begin XCConfigurationList section */
		A9407A1825120AC8001F4DEE /* Build configuration list for PBXProject "NotificationsReceiver" */ = {
			isa = XCConfigurationList;
			buildConfigurations = (
				A9407A2F25120AC9001F4DEE /* Debug */,
				A9407A3025120AC9001F4DEE /* Release */,
			);
			defaultConfigurationIsVisible = 0;
			defaultConfigurationName = Release;
		};
		A9407A3125120AC9001F4DEE /* Build configuration list for PBXNativeTarget "NotificationsReceiver" */ = {
			isa = XCConfigurationList;
			buildConfigurations = (
				A9407A3225120AC9001F4DEE /* Debug */,
				A9407A3325120AC9001F4DEE /* Release */,
			);
			defaultConfigurationIsVisible = 0;
			defaultConfigurationName = Release;
		};
/* End XCConfigurationList section */
	};
	rootObject = A9407A1525120AC8001F4DEE /* Project object */;
}
